// !$*UTF8*$!
{
	archiveVersion = 1;
	classes = {
	};
	objectVersion = 77;
	objects = {

/* Begin PBXBuildFile section */
		01DF8C5973C35FAE7BBE0A9F /* DocumentsViewModel.swift in Sources */ = {isa = PBXBuildFile; fileRef = 56FC1A83EF81D74301ABC8A6 /* DocumentsViewModel.swift */; };
		0497821C538367050B5AFCC4 /* AccountTests.swift in Sources */ = {isa = PBXBuildFile; fileRef = BC2ACF0B4C21CF2655F2162A /* AccountTests.swift */; };
		05525881104FAB3044AE522F /* BudgetCategory.swift in Sources */ = {isa = PBXBuildFile; fileRef = 79CA7665FD6317A7DEE2B68F /* BudgetCategory.swift */; };
		05C9F9F22356A4B794BDB296 /* CurrencyTextField.swift in Sources */ = {isa = PBXBuildFile; fileRef = 6FA8987B46C6BBF6C6A7178F /* CurrencyTextField.swift */; };
		062FDF81220F5F773183DD14 /* ForecastViewModel.swift in Sources */ = {isa = PBXBuildFile; fileRef = B34D812C5B11F619FF52C891 /* ForecastViewModel.swift */; };
		0BF2F489065D757A359FB392 /* PayslipTests.swift in Sources */ = {isa = PBXBuildFile; fileRef = 00CC6BE3C41C821514BCC87E /* PayslipTests.swift */; };
		0CABCF47B0F542E7ACDB97B5 /* TaxInsightsViewModel.swift in Sources */ = {isa = PBXBuildFile; fileRef = 2BBF189DC0E05CCAB51228B7 /* TaxInsightsViewModel.swift */; };
		12ADD3500094F8F6CFFD94A1 /* RecurringBillDetectorTests.swift in Sources */ = {isa = PBXBuildFile; fileRef = 10C0107F89BE22084E833EA2 /* RecurringBillDetectorTests.swift */; };
		13030AC74BDB0CF0322C66BE /* ReportsViewModel.swift in Sources */ = {isa = PBXBuildFile; fileRef = 9A212FA228004EF820698A1E /* ReportsViewModel.swift */; };
		1A042549DC86E1A9CC256B0B /* EncryptionServiceTests.swift in Sources */ = {isa = PBXBuildFile; fileRef = 0688DE4C9C915BC22D7CEF6D /* EncryptionServiceTests.swift */; };
		1C6F3A4597970574B6190630 /* ExportService.swift in Sources */ = {isa = PBXBuildFile; fileRef = BB639058B25C8FE93D663B58 /* ExportService.swift */; };
		22C03C545B130D34E39F4447 /* DashboardViewModel.swift in Sources */ = {isa = PBXBuildFile; fileRef = D8B3B504FAA21E245BAD7523 /* DashboardViewModel.swift */; };
		257AEDF5244B2423F2A968C7 /* PensionViewModel.swift in Sources */ = {isa = PBXBuildFile; fileRef = E3F4AA940A78D2525923E453 /* PensionViewModel.swift */; };
		2764F61619EBC3AF164D143C /* TransactionRow.swift in Sources */ = {isa = PBXBuildFile; fileRef = D95A9D42D77025D622D141C8 /* TransactionRow.swift */; };
		2E2484357A1B814CDBB6B84F /* TransactionTests.swift in Sources */ = {isa = PBXBuildFile; fileRef = 7BCD02FE676E56E2B7103C3D /* TransactionTests.swift */; };
		3039B0E3BBA09723FFCD0C39 /* SavingsGoalViewModel.swift in Sources */ = {isa = PBXBuildFile; fileRef = CBCC8AE3CA263B085D17B8BD /* SavingsGoalViewModel.swift */; };
		35374E490A3C6BCBEDFDE61E /* SettingsViewModelTests.swift in Sources */ = {isa = PBXBuildFile; fileRef = 7295F9EC7AAA02C34F0370A2 /* SettingsViewModelTests.swift */; };
		3A5D7B0327B1C3D5F2A27F08 /* DashboardView.swift in Sources */ = {isa = PBXBuildFile; fileRef = C83C6DEAD9BB657686C575D6 /* DashboardView.swift */; };
		3BEB68009A4BCE2703577B90 /* DataFlowTests.swift in Sources */ = {isa = PBXBuildFile; fileRef = 89D72B6ACB1F053E3E79F173 /* DataFlowTests.swift */; };
		421D1F41837800755DFD9F2E /* FileEncryptionService.swift in Sources */ = {isa = PBXBuildFile; fileRef = 5EC8E07E8E2B46F818048BBF /* FileEncryptionService.swift */; };
		43C5C7F42BB051A1FD7C66B7 /* Assets.xcassets in Resources */ = {isa = PBXBuildFile; fileRef = A79BCFA3F4B8F2CEBA55BD0A /* Assets.xcassets */; };
		48ED495C6B9055592331A526 /* PensionData.swift in Sources */ = {isa = PBXBuildFile; fileRef = DDB2670B50424E3D3CADA430 /* PensionData.swift */; };
		48F47AD516E6C77AE2CEB160 /* BillsViewModelTests.swift in Sources */ = {isa = PBXBuildFile; fileRef = DF2B6D624B3BB0E9FCB3669B /* BillsViewModelTests.swift */; };
		494644FB9E4212FD4F7D4699 /* AppLocale.swift in Sources */ = {isa = PBXBuildFile; fileRef = C4A79D2CF6E21578B5290DDB /* AppLocale.swift */; };
		4D992525416FECA9531B97BF /* PayslipParsingService.swift in Sources */ = {isa = PBXBuildFile; fileRef = E669D6F10EAD107B029676D1 /* PayslipParsingService.swift */; };
		4EB9638F66892FEE348ACFBB /* PersistenceTests.swift in Sources */ = {isa = PBXBuildFile; fileRef = 37EDDE9720823E28A6EDB3E9 /* PersistenceTests.swift */; };
		51A418B024FE5D7132F72A46 /* TaxYearSummaryService.swift in Sources */ = {isa = PBXBuildFile; fileRef = D167AD57F4865A785A13F586 /* TaxYearSummaryService.swift */; };
		52E30AF0568F28A196075E3D /* BillsView.swift in Sources */ = {isa = PBXBuildFile; fileRef = 340D24F3758EE228D2DBF56A /* BillsView.swift */; };
		551BF1B9CD64AE64321DB7B9 /* TransactionsView.swift in Sources */ = {isa = PBXBuildFile; fileRef = 795E3963B778A0C65F29C7F9 /* TransactionsView.swift */; };
		55C759C678DE6BBBAA637F3E /* DashboardViewModelTests.swift in Sources */ = {isa = PBXBuildFile; fileRef = 946CD61E50D7558F507D9DEA /* DashboardViewModelTests.swift */; };
		5BD0E9BED9B7A61B3B0E3591 /* PensionViewModelTests.swift in Sources */ = {isa = PBXBuildFile; fileRef = 1071A1B7BE3B5B823E14421A /* PensionViewModelTests.swift */; };
		5C523CCC39B24E63EDC43BE4 /* SettingsView.swift in Sources */ = {isa = PBXBuildFile; fileRef = F82913EC00548E01E0C0C83A /* SettingsView.swift */; };
		5E292DFEE32987EDE46A1F6A /* ProgressBar.swift in Sources */ = {isa = PBXBuildFile; fileRef = DC583CDB1277A3AE5533848D /* ProgressBar.swift */; };
		62D85C8B03AC819E6432414E /* SettingsViewModel.swift in Sources */ = {isa = PBXBuildFile; fileRef = 44402660BFD5029C67C54E19 /* SettingsViewModel.swift */; };
		62DEE8F968F5BAEB8860A050 /* TransactionsViewModelTests.swift in Sources */ = {isa = PBXBuildFile; fileRef = CC5AFBFB099126015404650E /* TransactionsViewModelTests.swift */; };
		674DA329671FD780381F0191 /* PensionView.swift in Sources */ = {isa = PBXBuildFile; fileRef = D16089598045A5CF65AAC2A0 /* PensionView.swift */; };
		6828235BA0BF6EF7754A5EDB /* Payslip.swift in Sources */ = {isa = PBXBuildFile; fileRef = 0C6D6B3A7DF5833F13E75E8B /* Payslip.swift */; };
		6AD7173C8ADDD6F22F4F70BB /* BudgetForecastService.swift in Sources */ = {isa = PBXBuildFile; fileRef = A09D8CD030162F1AE1290131 /* BudgetForecastService.swift */; };
		6BC77D3B73317159D7C168C5 /* Extensions.swift in Sources */ = {isa = PBXBuildFile; fileRef = 3975FBA4E3543913106861A6 /* Extensions.swift */; };
		6C8ACEBB90EFA3E69764D1B7 /* PayslipParsingServiceTests.swift in Sources */ = {isa = PBXBuildFile; fileRef = 30E968A33CFBC951469CE732 /* PayslipParsingServiceTests.swift */; };
		6E53E28E2F2AABB02480BA8E /* CurrencyFormatterTests.swift in Sources */ = {isa = PBXBuildFile; fileRef = 8E7A4352B977A6B87D8F93BA /* CurrencyFormatterTests.swift */; };
		72423567FDED29190ADA9BF3 /* SavingsGoalViewModelTests.swift in Sources */ = {isa = PBXBuildFile; fileRef = 83A340B488A142123EE5D077 /* SavingsGoalViewModelTests.swift */; };
		768B9B5AD6F999C3F4FEBE6F /* RecurringTransactionServiceTests.swift in Sources */ = {isa = PBXBuildFile; fileRef = 582C33D03905EDFC888476F4 /* RecurringTransactionServiceTests.swift */; };
		76FA5638435A48AA7A1FBBEC /* TaxIntelligenceService.swift in Sources */ = {isa = PBXBuildFile; fileRef = 056976B25CF62B82CC425360 /* TaxIntelligenceService.swift */; };
		7762AE8A62A3C996014EC383 /* PayslipViewModelTests.swift in Sources */ = {isa = PBXBuildFile; fileRef = D95869822AE0BB09A60DFA70 /* PayslipViewModelTests.swift */; };
		7D3CC7CA5E93E87E8E34BE3C /* CurrencyFormatter.swift in Sources */ = {isa = PBXBuildFile; fileRef = F45FF592BDFC8E4C95A96DCC /* CurrencyFormatter.swift */; };
		811B009B7C37D7F369FD8839 /* BillMigrationTests.swift in Sources */ = {isa = PBXBuildFile; fileRef = 9790DCA87CEAA77B6540CBE9 /* BillMigrationTests.swift */; };
		81AAD27892C993A4EFA303E0 /* BudgetViewModelTests.swift in Sources */ = {isa = PBXBuildFile; fileRef = F33A625C1ADB43ED8F078BAB /* BudgetViewModelTests.swift */; };
		8308E8B9E5AACF38E8937AE9 /* BillsViewModel.swift in Sources */ = {isa = PBXBuildFile; fileRef = 86A24E3639D1DBF08518BFD8 /* BillsViewModel.swift */; };
		86320876E5117A4B022DFA64 /* DocumentTests.swift in Sources */ = {isa = PBXBuildFile; fileRef = 905831CC8B927E47D622322A /* DocumentTests.swift */; };
		86DC98F97C09292A266742E9 /* QuickActionButton.swift in Sources */ = {isa = PBXBuildFile; fileRef = 460D9FD1B22BAEB616ED2F24 /* QuickActionButton.swift */; };
		8AD709E528A863D7F052E499 /* BudgetCategoryCard.swift in Sources */ = {isa = PBXBuildFile; fileRef = DFD4E0BE825F3588CEE47230 /* BudgetCategoryCard.swift */; };
		8B153D8DF7B032BCDD75990B /* Transaction.swift in Sources */ = {isa = PBXBuildFile; fileRef = 744A13D1DF52729E1E9B2FE5 /* Transaction.swift */; };
		8F20AB64903695357635DE23 /* RecurringTransactionsView.swift in Sources */ = {isa = PBXBuildFile; fileRef = E7512B24FFB190CD58CECF22 /* RecurringTransactionsView.swift */; };
		94D9F25E51AEB53D6636D3C4 /* ForecastView.swift in Sources */ = {isa = PBXBuildFile; fileRef = D4E3A60AD7E13C541B8E25DB /* ForecastView.swift */; };
		99BE9CD0FAA7B3C5873E80F4 /* ContentView.swift in Sources */ = {isa = PBXBuildFile; fileRef = 5B4B84630E4944146A7B2B44 /* ContentView.swift */; };
		9FF796F716868B2A8BEC7F40 /* BudgetCategoryTests.swift in Sources */ = {isa = PBXBuildFile; fileRef = 2CF8D19BA3F4D3DB7744B959 /* BudgetCategoryTests.swift */; };
		A016C3EC757F461370135207 /* KeychainManager.swift in Sources */ = {isa = PBXBuildFile; fileRef = BD974E16C413D0176D112770 /* KeychainManager.swift */; };
		A0B04971BE847F9990499147 /* PensionDataTests.swift in Sources */ = {isa = PBXBuildFile; fileRef = 6DF1FB95CA20201A7E0BD12F /* PensionDataTests.swift */; };
		A2FC6C88EA017283644D0ABE /* ReportsViewModelTests.swift in Sources */ = {isa = PBXBuildFile; fileRef = D9B0E377F9D29A7C09E7F604 /* ReportsViewModelTests.swift */; };
		A2FF0B192AB4553859081D35 /* RecurringBillDetector.swift in Sources */ = {isa = PBXBuildFile; fileRef = 883901095DCEC3603CA2B3BD /* RecurringBillDetector.swift */; };
		A60BBC91E2F0BF56253A3960 /* RecurringTransactionService.swift in Sources */ = {isa = PBXBuildFile; fileRef = B8E39E396BB44DA935244BAA /* RecurringTransactionService.swift */; };
		A964AB0862C52F1A1F36A862 /* BillLineItem.swift in Sources */ = {isa = PBXBuildFile; fileRef = 80D56667362C5AF261605929 /* BillLineItem.swift */; };
		AE9740FE98079A1400D3EE93 /* NotificationService.swift in Sources */ = {isa = PBXBuildFile; fileRef = FE4303CA31CA19A239D23788 /* NotificationService.swift */; };
		B076AC8DA1D9F0291AB04142 /* RecurringSuggestionSheet.swift in Sources */ = {isa = PBXBuildFile; fileRef = 9A1F29B586A50EF062EF6BFA /* RecurringSuggestionSheet.swift */; };
		B169014AC1E61616E6CFF4A2 /* Color+Theme.swift in Sources */ = {isa = PBXBuildFile; fileRef = 6C1A1533C99F5B072C40181E /* Color+Theme.swift */; };
		B7DF28DFFBE1E66EB61D5B57 /* TaxInsightsView.swift in Sources */ = {isa = PBXBuildFile; fileRef = C9EB83A64DC0EEA0C40CBA2B /* TaxInsightsView.swift */; };
		BB1A8830023396C64D6D3647 /* RecurringViewModel.swift in Sources */ = {isa = PBXBuildFile; fileRef = 4993240D4C7B5A6441F6E91E /* RecurringViewModel.swift */; };
		BCAB401606BEBE93B6A0CFD7 /* DataService.swift in Sources */ = {isa = PBXBuildFile; fileRef = FEE41F6896CA45164F80C5CF /* DataService.swift */; };
		BD484BB5B2162C77CCD5C20A /* AppLocaleTests.swift in Sources */ = {isa = PBXBuildFile; fileRef = 67EE8A3CFE21C49271EC9E04 /* AppLocaleTests.swift */; };
		C189667223AD1927E778C597 /* DocumentsView.swift in Sources */ = {isa = PBXBuildFile; fileRef = 2DDC49DCA3E7F5F52387E6F9 /* DocumentsView.swift */; };
		C398D7C3142CA1372C042903 /* HomeBudgeterApp.swift in Sources */ = {isa = PBXBuildFile; fileRef = 45889D29E7EA707B1A58F977 /* HomeBudgeterApp.swift */; };
		C3C93C808566DBEF474ED9A2 /* PayslipViewModel.swift in Sources */ = {isa = PBXBuildFile; fileRef = 3ECC5EC5C99F1016E88C3F9F /* PayslipViewModel.swift */; };
		C3E1065E33CF7FE0C36A1CD5 /* SavingsGoalView.swift in Sources */ = {isa = PBXBuildFile; fileRef = 8F400947654F60593E774EF9 /* SavingsGoalView.swift */; };
		C8ED2B92CD9A4D08E721671E /* BillMigrationService.swift in Sources */ = {isa = PBXBuildFile; fileRef = BA4AF370324F7D5D524806E0 /* BillMigrationService.swift */; };
		C9369C49B8FE75F805EB94A3 /* Document.swift in Sources */ = {isa = PBXBuildFile; fileRef = 4CF3852E1A1F2CE1C429F918 /* Document.swift */; };
		CF325DD2660714263051FDDB /* LocaleManager.swift in Sources */ = {isa = PBXBuildFile; fileRef = 6DC6AE9EA71A50C7ADF33CC4 /* LocaleManager.swift */; };
		CFF198DA0991DE1F4D643234 /* SavingsGoal.swift in Sources */ = {isa = PBXBuildFile; fileRef = 1E792C97ED8A997A5A4F81A7 /* SavingsGoal.swift */; };
		D4D341954C732A51667A9B9E /* Account.swift in Sources */ = {isa = PBXBuildFile; fileRef = FCF55DCA0F8C2B253BDF27E6 /* Account.swift */; };
		D6CA53DF5B6E754787B3F20A /* BudgetViewModel.swift in Sources */ = {isa = PBXBuildFile; fileRef = D5348BA41C4D9F95237CB602 /* BudgetViewModel.swift */; };
		D8AF9F554DD074DFF34F7DC8 /* TransactionsViewModel.swift in Sources */ = {isa = PBXBuildFile; fileRef = D7ADFA2E24EA75DF3AAD13CA /* TransactionsViewModel.swift */; };
		DC28AB79C9631C286C1A0DC1 /* PayslipView.swift in Sources */ = {isa = PBXBuildFile; fileRef = 9A89F0643B6D1A463890A543 /* PayslipView.swift */; };
		DED753999283966331EA1E73 /* RecurringTemplateTests.swift in Sources */ = {isa = PBXBuildFile; fileRef = 77737D848AF45C396023F703 /* RecurringTemplateTests.swift */; };
		E434643F62BA25C3C35157AE /* BudgetView.swift in Sources */ = {isa = PBXBuildFile; fileRef = 4D5DFACBD1F6145B6B93A168 /* BudgetView.swift */; };
		E4D36D80CFDD970916ACCC82 /* DocumentsViewModelTests.swift in Sources */ = {isa = PBXBuildFile; fileRef = CAB05DAEDA683E0AACE7002B /* DocumentsViewModelTests.swift */; };
		E7F2B04B6956878CA7E49010 /* BillParsingTests.swift in Sources */ = {isa = PBXBuildFile; fileRef = 9E665A5376683049A0F6CA60 /* BillParsingTests.swift */; };
		EA2A7848974C424875C576F1 /* RecurringViewModelDetectionTests.swift in Sources */ = {isa = PBXBuildFile; fileRef = 447B66203DD2F3549CB36AB8 /* RecurringViewModelDetectionTests.swift */; };
		EB468E6414BC71C3138B24C2 /* SavingsGoalTests.swift in Sources */ = {isa = PBXBuildFile; fileRef = D480561801A0FB9F79A9A78F /* SavingsGoalTests.swift */; };
		EB7D7E0A616B6B34008E01C6 /* RecurringTemplate.swift in Sources */ = {isa = PBXBuildFile; fileRef = BC5AE3E3B61712145D8375D1 /* RecurringTemplate.swift */; };
		EC4FDC31D855C9E51B46BF04 /* StatCard.swift in Sources */ = {isa = PBXBuildFile; fileRef = 2D45B14EE3206FDDAE411A2B /* StatCard.swift */; };
		ECB138A7DD5BF8D8519D4510 /* PersistenceController.swift in Sources */ = {isa = PBXBuildFile; fileRef = 8912358642CFA82FF8AC1AD5 /* PersistenceController.swift */; };
		F2C7CD94323C4C3EEE7C993B /* ReportsView.swift in Sources */ = {isa = PBXBuildFile; fileRef = ED12A82D1C68A9987CC79CE5 /* ReportsView.swift */; };
		F992C50158715ECDE6F3071C /* RecurringViewModelTests.swift in Sources */ = {isa = PBXBuildFile; fileRef = A66F8797D0A3D68EF38DA3E7 /* RecurringViewModelTests.swift */; };
/* End PBXBuildFile section */

/* Begin PBXContainerItemProxy section */
		577450C521A851E28AAFBEAD /* PBXContainerItemProxy */ = {
			isa = PBXContainerItemProxy;
			containerPortal = 3D59E720D51C8C4A8F6C9787 /* Project object */;
			proxyType = 1;
			remoteGlobalIDString = 4071CC2356F2584E61974887;
			remoteInfo = HomeBudgeter;
		};
/* End PBXContainerItemProxy section */

/* Begin PBXFileReference section */
		00CC6BE3C41C821514BCC87E /* PayslipTests.swift */ = {isa = PBXFileReference; lastKnownFileType = sourcecode.swift; path = PayslipTests.swift; sourceTree = "<group>"; };
		056976B25CF62B82CC425360 /* TaxIntelligenceService.swift */ = {isa = PBXFileReference; lastKnownFileType = sourcecode.swift; path = TaxIntelligenceService.swift; sourceTree = "<group>"; };
		0688DE4C9C915BC22D7CEF6D /* EncryptionServiceTests.swift */ = {isa = PBXFileReference; lastKnownFileType = sourcecode.swift; path = EncryptionServiceTests.swift; sourceTree = "<group>"; };
		0BA405C6754515EA86FFF57E /* Info.plist */ = {isa = PBXFileReference; lastKnownFileType = text.plist; path = Info.plist; sourceTree = "<group>"; };
		0C6D6B3A7DF5833F13E75E8B /* Payslip.swift */ = {isa = PBXFileReference; lastKnownFileType = sourcecode.swift; path = Payslip.swift; sourceTree = "<group>"; };
		1071A1B7BE3B5B823E14421A /* PensionViewModelTests.swift */ = {isa = PBXFileReference; lastKnownFileType = sourcecode.swift; path = PensionViewModelTests.swift; sourceTree = "<group>"; };
		10C0107F89BE22084E833EA2 /* RecurringBillDetectorTests.swift */ = {isa = PBXFileReference; lastKnownFileType = sourcecode.swift; path = RecurringBillDetectorTests.swift; sourceTree = "<group>"; };
		1E792C97ED8A997A5A4F81A7 /* SavingsGoal.swift */ = {isa = PBXFileReference; lastKnownFileType = sourcecode.swift; path = SavingsGoal.swift; sourceTree = "<group>"; };
		2BBF189DC0E05CCAB51228B7 /* TaxInsightsViewModel.swift */ = {isa = PBXFileReference; lastKnownFileType = sourcecode.swift; path = TaxInsightsViewModel.swift; sourceTree = "<group>"; };
		2CF8D19BA3F4D3DB7744B959 /* BudgetCategoryTests.swift */ = {isa = PBXFileReference; lastKnownFileType = sourcecode.swift; path = BudgetCategoryTests.swift; sourceTree = "<group>"; };
		2D45B14EE3206FDDAE411A2B /* StatCard.swift */ = {isa = PBXFileReference; lastKnownFileType = sourcecode.swift; path = StatCard.swift; sourceTree = "<group>"; };
		2DDC49DCA3E7F5F52387E6F9 /* DocumentsView.swift */ = {isa = PBXFileReference; lastKnownFileType = sourcecode.swift; path = DocumentsView.swift; sourceTree = "<group>"; };
		30E968A33CFBC951469CE732 /* PayslipParsingServiceTests.swift */ = {isa = PBXFileReference; lastKnownFileType = sourcecode.swift; path = PayslipParsingServiceTests.swift; sourceTree = "<group>"; };
		340D24F3758EE228D2DBF56A /* BillsView.swift */ = {isa = PBXFileReference; lastKnownFileType = sourcecode.swift; path = BillsView.swift; sourceTree = "<group>"; };
		37EDDE9720823E28A6EDB3E9 /* PersistenceTests.swift */ = {isa = PBXFileReference; lastKnownFileType = sourcecode.swift; path = PersistenceTests.swift; sourceTree = "<group>"; };
		3975FBA4E3543913106861A6 /* Extensions.swift */ = {isa = PBXFileReference; lastKnownFileType = sourcecode.swift; path = Extensions.swift; sourceTree = "<group>"; };
		3ECC5EC5C99F1016E88C3F9F /* PayslipViewModel.swift */ = {isa = PBXFileReference; lastKnownFileType = sourcecode.swift; path = PayslipViewModel.swift; sourceTree = "<group>"; };
		440BBD10950666C005589DB3 /* HomeBudgeterTests.xctest */ = {isa = PBXFileReference; explicitFileType = wrapper.cfbundle; includeInIndex = 0; path = HomeBudgeterTests.xctest; sourceTree = BUILT_PRODUCTS_DIR; };
		44402660BFD5029C67C54E19 /* SettingsViewModel.swift */ = {isa = PBXFileReference; lastKnownFileType = sourcecode.swift; path = SettingsViewModel.swift; sourceTree = "<group>"; };
		447B66203DD2F3549CB36AB8 /* RecurringViewModelDetectionTests.swift */ = {isa = PBXFileReference; lastKnownFileType = sourcecode.swift; path = RecurringViewModelDetectionTests.swift; sourceTree = "<group>"; };
		45889D29E7EA707B1A58F977 /* HomeBudgeterApp.swift */ = {isa = PBXFileReference; lastKnownFileType = sourcecode.swift; path = HomeBudgeterApp.swift; sourceTree = "<group>"; };
		460D9FD1B22BAEB616ED2F24 /* QuickActionButton.swift */ = {isa = PBXFileReference; lastKnownFileType = sourcecode.swift; path = QuickActionButton.swift; sourceTree = "<group>"; };
		4993240D4C7B5A6441F6E91E /* RecurringViewModel.swift */ = {isa = PBXFileReference; lastKnownFileType = sourcecode.swift; path = RecurringViewModel.swift; sourceTree = "<group>"; };
		4CF3852E1A1F2CE1C429F918 /* Document.swift */ = {isa = PBXFileReference; lastKnownFileType = sourcecode.swift; path = Document.swift; sourceTree = "<group>"; };
		4D5DFACBD1F6145B6B93A168 /* BudgetView.swift */ = {isa = PBXFileReference; lastKnownFileType = sourcecode.swift; path = BudgetView.swift; sourceTree = "<group>"; };
		56FC1A83EF81D74301ABC8A6 /* DocumentsViewModel.swift */ = {isa = PBXFileReference; lastKnownFileType = sourcecode.swift; path = DocumentsViewModel.swift; sourceTree = "<group>"; };
		582C33D03905EDFC888476F4 /* RecurringTransactionServiceTests.swift */ = {isa = PBXFileReference; lastKnownFileType = sourcecode.swift; path = RecurringTransactionServiceTests.swift; sourceTree = "<group>"; };
		5B4B84630E4944146A7B2B44 /* ContentView.swift */ = {isa = PBXFileReference; lastKnownFileType = sourcecode.swift; path = ContentView.swift; sourceTree = "<group>"; };
		5EC8E07E8E2B46F818048BBF /* FileEncryptionService.swift */ = {isa = PBXFileReference; lastKnownFileType = sourcecode.swift; path = FileEncryptionService.swift; sourceTree = "<group>"; };
		67EE8A3CFE21C49271EC9E04 /* AppLocaleTests.swift */ = {isa = PBXFileReference; lastKnownFileType = sourcecode.swift; path = AppLocaleTests.swift; sourceTree = "<group>"; };
		6C1A1533C99F5B072C40181E /* Color+Theme.swift */ = {isa = PBXFileReference; lastKnownFileType = sourcecode.swift; path = "Color+Theme.swift"; sourceTree = "<group>"; };
		6C299F8FAE8B7FE430DF3E20 /* HomeBudgeter.entitlements */ = {isa = PBXFileReference; lastKnownFileType = text.plist.entitlements; path = HomeBudgeter.entitlements; sourceTree = "<group>"; };
		6DC6AE9EA71A50C7ADF33CC4 /* LocaleManager.swift */ = {isa = PBXFileReference; lastKnownFileType = sourcecode.swift; path = LocaleManager.swift; sourceTree = "<group>"; };
		6DF1FB95CA20201A7E0BD12F /* PensionDataTests.swift */ = {isa = PBXFileReference; lastKnownFileType = sourcecode.swift; path = PensionDataTests.swift; sourceTree = "<group>"; };
		6FA8987B46C6BBF6C6A7178F /* CurrencyTextField.swift */ = {isa = PBXFileReference; lastKnownFileType = sourcecode.swift; path = CurrencyTextField.swift; sourceTree = "<group>"; };
		7295F9EC7AAA02C34F0370A2 /* SettingsViewModelTests.swift */ = {isa = PBXFileReference; lastKnownFileType = sourcecode.swift; path = SettingsViewModelTests.swift; sourceTree = "<group>"; };
		744A13D1DF52729E1E9B2FE5 /* Transaction.swift */ = {isa = PBXFileReference; lastKnownFileType = sourcecode.swift; path = Transaction.swift; sourceTree = "<group>"; };
		77737D848AF45C396023F703 /* RecurringTemplateTests.swift */ = {isa = PBXFileReference; lastKnownFileType = sourcecode.swift; path = RecurringTemplateTests.swift; sourceTree = "<group>"; };
		795E3963B778A0C65F29C7F9 /* TransactionsView.swift */ = {isa = PBXFileReference; lastKnownFileType = sourcecode.swift; path = TransactionsView.swift; sourceTree = "<group>"; };
		79CA7665FD6317A7DEE2B68F /* BudgetCategory.swift */ = {isa = PBXFileReference; lastKnownFileType = sourcecode.swift; path = BudgetCategory.swift; sourceTree = "<group>"; };
		7BCD02FE676E56E2B7103C3D /* TransactionTests.swift */ = {isa = PBXFileReference; lastKnownFileType = sourcecode.swift; path = TransactionTests.swift; sourceTree = "<group>"; };
		80D56667362C5AF261605929 /* BillLineItem.swift */ = {isa = PBXFileReference; lastKnownFileType = sourcecode.swift; path = BillLineItem.swift; sourceTree = "<group>"; };
		83A340B488A142123EE5D077 /* SavingsGoalViewModelTests.swift */ = {isa = PBXFileReference; lastKnownFileType = sourcecode.swift; path = SavingsGoalViewModelTests.swift; sourceTree = "<group>"; };
		86A24E3639D1DBF08518BFD8 /* BillsViewModel.swift */ = {isa = PBXFileReference; lastKnownFileType = sourcecode.swift; path = BillsViewModel.swift; sourceTree = "<group>"; };
		883901095DCEC3603CA2B3BD /* RecurringBillDetector.swift */ = {isa = PBXFileReference; lastKnownFileType = sourcecode.swift; path = RecurringBillDetector.swift; sourceTree = "<group>"; };
		8912358642CFA82FF8AC1AD5 /* PersistenceController.swift */ = {isa = PBXFileReference; lastKnownFileType = sourcecode.swift; path = PersistenceController.swift; sourceTree = "<group>"; };
		89D72B6ACB1F053E3E79F173 /* DataFlowTests.swift */ = {isa = PBXFileReference; lastKnownFileType = sourcecode.swift; path = DataFlowTests.swift; sourceTree = "<group>"; };
		8E7A4352B977A6B87D8F93BA /* CurrencyFormatterTests.swift */ = {isa = PBXFileReference; lastKnownFileType = sourcecode.swift; path = CurrencyFormatterTests.swift; sourceTree = "<group>"; };
		8F400947654F60593E774EF9 /* SavingsGoalView.swift */ = {isa = PBXFileReference; lastKnownFileType = sourcecode.swift; path = SavingsGoalView.swift; sourceTree = "<group>"; };
		905831CC8B927E47D622322A /* DocumentTests.swift */ = {isa = PBXFileReference; lastKnownFileType = sourcecode.swift; path = DocumentTests.swift; sourceTree = "<group>"; };
		946CD61E50D7558F507D9DEA /* DashboardViewModelTests.swift */ = {isa = PBXFileReference; lastKnownFileType = sourcecode.swift; path = DashboardViewModelTests.swift; sourceTree = "<group>"; };
		9790DCA87CEAA77B6540CBE9 /* BillMigrationTests.swift */ = {isa = PBXFileReference; lastKnownFileType = sourcecode.swift; path = BillMigrationTests.swift; sourceTree = "<group>"; };
		9A1F29B586A50EF062EF6BFA /* RecurringSuggestionSheet.swift */ = {isa = PBXFileReference; lastKnownFileType = sourcecode.swift; path = RecurringSuggestionSheet.swift; sourceTree = "<group>"; };
		9A212FA228004EF820698A1E /* ReportsViewModel.swift */ = {isa = PBXFileReference; lastKnownFileType = sourcecode.swift; path = ReportsViewModel.swift; sourceTree = "<group>"; };
		9A89F0643B6D1A463890A543 /* PayslipView.swift */ = {isa = PBXFileReference; lastKnownFileType = sourcecode.swift; path = PayslipView.swift; sourceTree = "<group>"; };
		9E665A5376683049A0F6CA60 /* BillParsingTests.swift */ = {isa = PBXFileReference; lastKnownFileType = sourcecode.swift; path = BillParsingTests.swift; sourceTree = "<group>"; };
		A09D8CD030162F1AE1290131 /* BudgetForecastService.swift */ = {isa = PBXFileReference; lastKnownFileType = sourcecode.swift; path = BudgetForecastService.swift; sourceTree = "<group>"; };
		A66F8797D0A3D68EF38DA3E7 /* RecurringViewModelTests.swift */ = {isa = PBXFileReference; lastKnownFileType = sourcecode.swift; path = RecurringViewModelTests.swift; sourceTree = "<group>"; };
		A79BCFA3F4B8F2CEBA55BD0A /* Assets.xcassets */ = {isa = PBXFileReference; lastKnownFileType = folder.assetcatalog; path = Assets.xcassets; sourceTree = "<group>"; };
		B34D812C5B11F619FF52C891 /* ForecastViewModel.swift */ = {isa = PBXFileReference; lastKnownFileType = sourcecode.swift; path = ForecastViewModel.swift; sourceTree = "<group>"; };
		B8E39E396BB44DA935244BAA /* RecurringTransactionService.swift */ = {isa = PBXFileReference; lastKnownFileType = sourcecode.swift; path = RecurringTransactionService.swift; sourceTree = "<group>"; };
		BA4AF370324F7D5D524806E0 /* BillMigrationService.swift */ = {isa = PBXFileReference; lastKnownFileType = sourcecode.swift; path = BillMigrationService.swift; sourceTree = "<group>"; };
		BB639058B25C8FE93D663B58 /* ExportService.swift */ = {isa = PBXFileReference; lastKnownFileType = sourcecode.swift; path = ExportService.swift; sourceTree = "<group>"; };
		BC2ACF0B4C21CF2655F2162A /* AccountTests.swift */ = {isa = PBXFileReference; lastKnownFileType = sourcecode.swift; path = AccountTests.swift; sourceTree = "<group>"; };
		BC5AE3E3B61712145D8375D1 /* RecurringTemplate.swift */ = {isa = PBXFileReference; lastKnownFileType = sourcecode.swift; path = RecurringTemplate.swift; sourceTree = "<group>"; };
		BD974E16C413D0176D112770 /* KeychainManager.swift */ = {isa = PBXFileReference; lastKnownFileType = sourcecode.swift; path = KeychainManager.swift; sourceTree = "<group>"; };
		C4A79D2CF6E21578B5290DDB /* AppLocale.swift */ = {isa = PBXFileReference; lastKnownFileType = sourcecode.swift; path = AppLocale.swift; sourceTree = "<group>"; };
		C83C6DEAD9BB657686C575D6 /* DashboardView.swift */ = {isa = PBXFileReference; lastKnownFileType = sourcecode.swift; path = DashboardView.swift; sourceTree = "<group>"; };
		C9EB83A64DC0EEA0C40CBA2B /* TaxInsightsView.swift */ = {isa = PBXFileReference; lastKnownFileType = sourcecode.swift; path = TaxInsightsView.swift; sourceTree = "<group>"; };
		CAB05DAEDA683E0AACE7002B /* DocumentsViewModelTests.swift */ = {isa = PBXFileReference; lastKnownFileType = sourcecode.swift; path = DocumentsViewModelTests.swift; sourceTree = "<group>"; };
		CBCC8AE3CA263B085D17B8BD /* SavingsGoalViewModel.swift */ = {isa = PBXFileReference; lastKnownFileType = sourcecode.swift; path = SavingsGoalViewModel.swift; sourceTree = "<group>"; };
		CC5AFBFB099126015404650E /* TransactionsViewModelTests.swift */ = {isa = PBXFileReference; lastKnownFileType = sourcecode.swift; path = TransactionsViewModelTests.swift; sourceTree = "<group>"; };
		D16089598045A5CF65AAC2A0 /* PensionView.swift */ = {isa = PBXFileReference; lastKnownFileType = sourcecode.swift; path = PensionView.swift; sourceTree = "<group>"; };
		D167AD57F4865A785A13F586 /* TaxYearSummaryService.swift */ = {isa = PBXFileReference; lastKnownFileType = sourcecode.swift; path = TaxYearSummaryService.swift; sourceTree = "<group>"; };
		D480561801A0FB9F79A9A78F /* SavingsGoalTests.swift */ = {isa = PBXFileReference; lastKnownFileType = sourcecode.swift; path = SavingsGoalTests.swift; sourceTree = "<group>"; };
		D4E3A60AD7E13C541B8E25DB /* ForecastView.swift */ = {isa = PBXFileReference; lastKnownFileType = sourcecode.swift; path = ForecastView.swift; sourceTree = "<group>"; };
		D5348BA41C4D9F95237CB602 /* BudgetViewModel.swift */ = {isa = PBXFileReference; lastKnownFileType = sourcecode.swift; path = BudgetViewModel.swift; sourceTree = "<group>"; };
		D7ADFA2E24EA75DF3AAD13CA /* TransactionsViewModel.swift */ = {isa = PBXFileReference; lastKnownFileType = sourcecode.swift; path = TransactionsViewModel.swift; sourceTree = "<group>"; };
		D8B3B504FAA21E245BAD7523 /* DashboardViewModel.swift */ = {isa = PBXFileReference; lastKnownFileType = sourcecode.swift; path = DashboardViewModel.swift; sourceTree = "<group>"; };
		D8F3D3458DBB9ECB5E941220 /* HomeBudgeter.app */ = {isa = PBXFileReference; explicitFileType = wrapper.application; includeInIndex = 0; path = HomeBudgeter.app; sourceTree = BUILT_PRODUCTS_DIR; };
		D95869822AE0BB09A60DFA70 /* PayslipViewModelTests.swift */ = {isa = PBXFileReference; lastKnownFileType = sourcecode.swift; path = PayslipViewModelTests.swift; sourceTree = "<group>"; };
		D95A9D42D77025D622D141C8 /* TransactionRow.swift */ = {isa = PBXFileReference; lastKnownFileType = sourcecode.swift; path = TransactionRow.swift; sourceTree = "<group>"; };
		D9B0E377F9D29A7C09E7F604 /* ReportsViewModelTests.swift */ = {isa = PBXFileReference; lastKnownFileType = sourcecode.swift; path = ReportsViewModelTests.swift; sourceTree = "<group>"; };
		DC583CDB1277A3AE5533848D /* ProgressBar.swift */ = {isa = PBXFileReference; lastKnownFileType = sourcecode.swift; path = ProgressBar.swift; sourceTree = "<group>"; };
		DDB2670B50424E3D3CADA430 /* PensionData.swift */ = {isa = PBXFileReference; lastKnownFileType = sourcecode.swift; path = PensionData.swift; sourceTree = "<group>"; };
		DF2B6D624B3BB0E9FCB3669B /* BillsViewModelTests.swift */ = {isa = PBXFileReference; lastKnownFileType = sourcecode.swift; path = BillsViewModelTests.swift; sourceTree = "<group>"; };
		DFD4E0BE825F3588CEE47230 /* BudgetCategoryCard.swift */ = {isa = PBXFileReference; lastKnownFileType = sourcecode.swift; path = BudgetCategoryCard.swift; sourceTree = "<group>"; };
		E3F4AA940A78D2525923E453 /* PensionViewModel.swift */ = {isa = PBXFileReference; lastKnownFileType = sourcecode.swift; path = PensionViewModel.swift; sourceTree = "<group>"; };
		E669D6F10EAD107B029676D1 /* PayslipParsingService.swift */ = {isa = PBXFileReference; lastKnownFileType = sourcecode.swift; path = PayslipParsingService.swift; sourceTree = "<group>"; };
		E7512B24FFB190CD58CECF22 /* RecurringTransactionsView.swift */ = {isa = PBXFileReference; lastKnownFileType = sourcecode.swift; path = RecurringTransactionsView.swift; sourceTree = "<group>"; };
		ED12A82D1C68A9987CC79CE5 /* ReportsView.swift */ = {isa = PBXFileReference; lastKnownFileType = sourcecode.swift; path = ReportsView.swift; sourceTree = "<group>"; };
		F33A625C1ADB43ED8F078BAB /* BudgetViewModelTests.swift */ = {isa = PBXFileReference; lastKnownFileType = sourcecode.swift; path = BudgetViewModelTests.swift; sourceTree = "<group>"; };
		F45FF592BDFC8E4C95A96DCC /* CurrencyFormatter.swift */ = {isa = PBXFileReference; lastKnownFileType = sourcecode.swift; path = CurrencyFormatter.swift; sourceTree = "<group>"; };
		F82913EC00548E01E0C0C83A /* SettingsView.swift */ = {isa = PBXFileReference; lastKnownFileType = sourcecode.swift; path = SettingsView.swift; sourceTree = "<group>"; };
		FCF55DCA0F8C2B253BDF27E6 /* Account.swift */ = {isa = PBXFileReference; lastKnownFileType = sourcecode.swift; path = Account.swift; sourceTree = "<group>"; };
		FE4303CA31CA19A239D23788 /* NotificationService.swift */ = {isa = PBXFileReference; lastKnownFileType = sourcecode.swift; path = NotificationService.swift; sourceTree = "<group>"; };
		FEE41F6896CA45164F80C5CF /* DataService.swift */ = {isa = PBXFileReference; lastKnownFileType = sourcecode.swift; path = DataService.swift; sourceTree = "<group>"; };
/* End PBXFileReference section */

/* Begin PBXGroup section */
		126047FFCD4F87FC920EABAF /* Savings */ = {
			isa = PBXGroup;
			children = (
				8F400947654F60593E774EF9 /* SavingsGoalView.swift */,
			);
			path = Savings;
			sourceTree = "<group>";
		};
		227FE3380DA92C4365A550A6 /* Payslips */ = {
			isa = PBXGroup;
			children = (
				9A89F0643B6D1A463890A543 /* PayslipView.swift */,
			);
			path = Payslips;
			sourceTree = "<group>";
		};
		25432B0180848BD925D047E7 /* HomeBudgeter */ = {
			isa = PBXGroup;
			children = (
				419E41984957E19058BA5DC9 /* Extensions */,
				C10DBED8AE3EE3BEFF5E1D79 /* Models */,
				ECC7F4A187CB0CB1FCDDB002 /* Resources */,
				6269A6D900879A3B86DA6F2A /* Services */,
				7DDB8F5A6DF808E4E6629650 /* Utilities */,
				B97CE17C5CC9160D0496B8A5 /* ViewModels */,
				29E60F27213AD020AF667406 /* Views */,
				45889D29E7EA707B1A58F977 /* HomeBudgeterApp.swift */,
			);
			path = HomeBudgeter;
			sourceTree = "<group>";
		};
		29E60F27213AD020AF667406 /* Views */ = {
			isa = PBXGroup;
			children = (
				4E4E05DC17EDE023E1A0DB92 /* Bills */,
				DAE58953B77D8CE0AAD74021 /* Budget */,
				AA03D2E4BE84294260F53068 /* Dashboard */,
				F4508BEF1BCF85144D9EC8D1 /* Documents */,
				98A0F054268E55B74D33594B /* Forecast */,
				227FE3380DA92C4365A550A6 /* Payslips */,
				A09E7FC36188AADC7FB9E67A /* Pension */,
				2C8BDD77D6D7F12401611EE5 /* Recurring */,
				3AE3E29966E81608B3FBD805 /* Reports */,
				126047FFCD4F87FC920EABAF /* Savings */,
				74405DD54ADB57052F04AD65 /* Settings */,
				73E100AC310DF56163DC852D /* Shared */,
				F34088B73225F43DBFDA5923 /* TaxInsights */,
				F43517A99DB002A130C6CF5D /* Transactions */,
				5B4B84630E4944146A7B2B44 /* ContentView.swift */,
			);
			path = Views;
			sourceTree = "<group>";
		};
		2C8BDD77D6D7F12401611EE5 /* Recurring */ = {
			isa = PBXGroup;
			children = (
				E7512B24FFB190CD58CECF22 /* RecurringTransactionsView.swift */,
			);
			path = Recurring;
			sourceTree = "<group>";
		};
		2E07433BF82F472C33B12848 = {
			isa = PBXGroup;
			children = (
				25432B0180848BD925D047E7 /* HomeBudgeter */,
				F2634C3E0042DC7A1A127218 /* HomeBudgeterTests */,
				599336527A4AFD5BD6D254FD /* Products */,
			);
			sourceTree = "<group>";
		};
		3AE3E29966E81608B3FBD805 /* Reports */ = {
			isa = PBXGroup;
			children = (
				ED12A82D1C68A9987CC79CE5 /* ReportsView.swift */,
			);
			path = Reports;
			sourceTree = "<group>";
		};
		3BFE15161FA7948F108CF8A5 /* Integration */ = {
			isa = PBXGroup;
			children = (
				89D72B6ACB1F053E3E79F173 /* DataFlowTests.swift */,
				37EDDE9720823E28A6EDB3E9 /* PersistenceTests.swift */,
			);
			path = Integration;
			sourceTree = "<group>";
		};
		419E41984957E19058BA5DC9 /* Extensions */ = {
			isa = PBXGroup;
			children = (
				6C1A1533C99F5B072C40181E /* Color+Theme.swift */,
			);
			path = Extensions;
			sourceTree = "<group>";
		};
		4E4E05DC17EDE023E1A0DB92 /* Bills */ = {
			isa = PBXGroup;
			children = (
				340D24F3758EE228D2DBF56A /* BillsView.swift */,
				9A1F29B586A50EF062EF6BFA /* RecurringSuggestionSheet.swift */,
			);
			path = Bills;
			sourceTree = "<group>";
		};
		599336527A4AFD5BD6D254FD /* Products */ = {
			isa = PBXGroup;
			children = (
				D8F3D3458DBB9ECB5E941220 /* HomeBudgeter.app */,
				440BBD10950666C005589DB3 /* HomeBudgeterTests.xctest */,
			);
			name = Products;
			sourceTree = "<group>";
		};
		6269A6D900879A3B86DA6F2A /* Services */ = {
			isa = PBXGroup;
			children = (
				BA4AF370324F7D5D524806E0 /* BillMigrationService.swift */,
				A09D8CD030162F1AE1290131 /* BudgetForecastService.swift */,
				F45FF592BDFC8E4C95A96DCC /* CurrencyFormatter.swift */,
				FEE41F6896CA45164F80C5CF /* DataService.swift */,
				BB639058B25C8FE93D663B58 /* ExportService.swift */,
				5EC8E07E8E2B46F818048BBF /* FileEncryptionService.swift */,
				BD974E16C413D0176D112770 /* KeychainManager.swift */,
				6DC6AE9EA71A50C7ADF33CC4 /* LocaleManager.swift */,
				FE4303CA31CA19A239D23788 /* NotificationService.swift */,
				E669D6F10EAD107B029676D1 /* PayslipParsingService.swift */,
				8912358642CFA82FF8AC1AD5 /* PersistenceController.swift */,
				883901095DCEC3603CA2B3BD /* RecurringBillDetector.swift */,
				B8E39E396BB44DA935244BAA /* RecurringTransactionService.swift */,
				056976B25CF62B82CC425360 /* TaxIntelligenceService.swift */,
				D167AD57F4865A785A13F586 /* TaxYearSummaryService.swift */,
			);
			path = Services;
			sourceTree = "<group>";
		};
		73E100AC310DF56163DC852D /* Shared */ = {
			isa = PBXGroup;
			children = (
				DFD4E0BE825F3588CEE47230 /* BudgetCategoryCard.swift */,
				6FA8987B46C6BBF6C6A7178F /* CurrencyTextField.swift */,
				DC583CDB1277A3AE5533848D /* ProgressBar.swift */,
				460D9FD1B22BAEB616ED2F24 /* QuickActionButton.swift */,
				2D45B14EE3206FDDAE411A2B /* StatCard.swift */,
				D95A9D42D77025D622D141C8 /* TransactionRow.swift */,
			);
			path = Shared;
			sourceTree = "<group>";
		};
		74405DD54ADB57052F04AD65 /* Settings */ = {
			isa = PBXGroup;
			children = (
				F82913EC00548E01E0C0C83A /* SettingsView.swift */,
			);
			path = Settings;
			sourceTree = "<group>";
		};
		7DDB8F5A6DF808E4E6629650 /* Utilities */ = {
			isa = PBXGroup;
			children = (
				3975FBA4E3543913106861A6 /* Extensions.swift */,
			);
			path = Utilities;
			sourceTree = "<group>";
		};
		98A0F054268E55B74D33594B /* Forecast */ = {
			isa = PBXGroup;
			children = (
				D4E3A60AD7E13C541B8E25DB /* ForecastView.swift */,
			);
			path = Forecast;
			sourceTree = "<group>";
		};
		9D8826FE3F31B0BA269C0A8B /* ViewModels */ = {
			isa = PBXGroup;
			children = (
				DF2B6D624B3BB0E9FCB3669B /* BillsViewModelTests.swift */,
				F33A625C1ADB43ED8F078BAB /* BudgetViewModelTests.swift */,
				946CD61E50D7558F507D9DEA /* DashboardViewModelTests.swift */,
				CAB05DAEDA683E0AACE7002B /* DocumentsViewModelTests.swift */,
				D95869822AE0BB09A60DFA70 /* PayslipViewModelTests.swift */,
				1071A1B7BE3B5B823E14421A /* PensionViewModelTests.swift */,
				447B66203DD2F3549CB36AB8 /* RecurringViewModelDetectionTests.swift */,
				A66F8797D0A3D68EF38DA3E7 /* RecurringViewModelTests.swift */,
				D9B0E377F9D29A7C09E7F604 /* ReportsViewModelTests.swift */,
				83A340B488A142123EE5D077 /* SavingsGoalViewModelTests.swift */,
				7295F9EC7AAA02C34F0370A2 /* SettingsViewModelTests.swift */,
				CC5AFBFB099126015404650E /* TransactionsViewModelTests.swift */,
			);
			path = ViewModels;
			sourceTree = "<group>";
		};
		A09E7FC36188AADC7FB9E67A /* Pension */ = {
			isa = PBXGroup;
			children = (
				D16089598045A5CF65AAC2A0 /* PensionView.swift */,
			);
			path = Pension;
			sourceTree = "<group>";
		};
		A82B1035D66AAE354000B9A9 /* Services */ = {
			isa = PBXGroup;
			children = (
				9790DCA87CEAA77B6540CBE9 /* BillMigrationTests.swift */,
				9E665A5376683049A0F6CA60 /* BillParsingTests.swift */,
				8E7A4352B977A6B87D8F93BA /* CurrencyFormatterTests.swift */,
				0688DE4C9C915BC22D7CEF6D /* EncryptionServiceTests.swift */,
				30E968A33CFBC951469CE732 /* PayslipParsingServiceTests.swift */,
				10C0107F89BE22084E833EA2 /* RecurringBillDetectorTests.swift */,
				582C33D03905EDFC888476F4 /* RecurringTransactionServiceTests.swift */,
			);
			path = Services;
			sourceTree = "<group>";
		};
		AA03D2E4BE84294260F53068 /* Dashboard */ = {
			isa = PBXGroup;
			children = (
				C83C6DEAD9BB657686C575D6 /* DashboardView.swift */,
			);
			path = Dashboard;
			sourceTree = "<group>";
		};
		B97CE17C5CC9160D0496B8A5 /* ViewModels */ = {
			isa = PBXGroup;
			children = (
				86A24E3639D1DBF08518BFD8 /* BillsViewModel.swift */,
				D5348BA41C4D9F95237CB602 /* BudgetViewModel.swift */,
				D8B3B504FAA21E245BAD7523 /* DashboardViewModel.swift */,
				56FC1A83EF81D74301ABC8A6 /* DocumentsViewModel.swift */,
				B34D812C5B11F619FF52C891 /* ForecastViewModel.swift */,
				3ECC5EC5C99F1016E88C3F9F /* PayslipViewModel.swift */,
				E3F4AA940A78D2525923E453 /* PensionViewModel.swift */,
				4993240D4C7B5A6441F6E91E /* RecurringViewModel.swift */,
				9A212FA228004EF820698A1E /* ReportsViewModel.swift */,
				CBCC8AE3CA263B085D17B8BD /* SavingsGoalViewModel.swift */,
				44402660BFD5029C67C54E19 /* SettingsViewModel.swift */,
				2BBF189DC0E05CCAB51228B7 /* TaxInsightsViewModel.swift */,
				D7ADFA2E24EA75DF3AAD13CA /* TransactionsViewModel.swift */,
			);
			path = ViewModels;
			sourceTree = "<group>";
		};
		C10DBED8AE3EE3BEFF5E1D79 /* Models */ = {
			isa = PBXGroup;
			children = (
				FCF55DCA0F8C2B253BDF27E6 /* Account.swift */,
				C4A79D2CF6E21578B5290DDB /* AppLocale.swift */,
				80D56667362C5AF261605929 /* BillLineItem.swift */,
				79CA7665FD6317A7DEE2B68F /* BudgetCategory.swift */,
				4CF3852E1A1F2CE1C429F918 /* Document.swift */,
				0C6D6B3A7DF5833F13E75E8B /* Payslip.swift */,
				DDB2670B50424E3D3CADA430 /* PensionData.swift */,
				BC5AE3E3B61712145D8375D1 /* RecurringTemplate.swift */,
				1E792C97ED8A997A5A4F81A7 /* SavingsGoal.swift */,
				744A13D1DF52729E1E9B2FE5 /* Transaction.swift */,
			);
			path = Models;
			sourceTree = "<group>";
		};
		DAE58953B77D8CE0AAD74021 /* Budget */ = {
			isa = PBXGroup;
			children = (
				4D5DFACBD1F6145B6B93A168 /* BudgetView.swift */,
			);
			path = Budget;
			sourceTree = "<group>";
		};
		DC0C7A245E6072B1CD483FCB /* Models */ = {
			isa = PBXGroup;
			children = (
				BC2ACF0B4C21CF2655F2162A /* AccountTests.swift */,
				67EE8A3CFE21C49271EC9E04 /* AppLocaleTests.swift */,
				2CF8D19BA3F4D3DB7744B959 /* BudgetCategoryTests.swift */,
				905831CC8B927E47D622322A /* DocumentTests.swift */,
				00CC6BE3C41C821514BCC87E /* PayslipTests.swift */,
				6DF1FB95CA20201A7E0BD12F /* PensionDataTests.swift */,
				77737D848AF45C396023F703 /* RecurringTemplateTests.swift */,
				D480561801A0FB9F79A9A78F /* SavingsGoalTests.swift */,
				7BCD02FE676E56E2B7103C3D /* TransactionTests.swift */,
			);
			path = Models;
			sourceTree = "<group>";
		};
		ECC7F4A187CB0CB1FCDDB002 /* Resources */ = {
			isa = PBXGroup;
			children = (
				A79BCFA3F4B8F2CEBA55BD0A /* Assets.xcassets */,
				6C299F8FAE8B7FE430DF3E20 /* HomeBudgeter.entitlements */,
				0BA405C6754515EA86FFF57E /* Info.plist */,
			);
			path = Resources;
			sourceTree = "<group>";
		};
		F2634C3E0042DC7A1A127218 /* HomeBudgeterTests */ = {
			isa = PBXGroup;
			children = (
				3BFE15161FA7948F108CF8A5 /* Integration */,
				DC0C7A245E6072B1CD483FCB /* Models */,
				A82B1035D66AAE354000B9A9 /* Services */,
				9D8826FE3F31B0BA269C0A8B /* ViewModels */,
			);
			path = HomeBudgeterTests;
			sourceTree = "<group>";
		};
		F34088B73225F43DBFDA5923 /* TaxInsights */ = {
			isa = PBXGroup;
			children = (
				C9EB83A64DC0EEA0C40CBA2B /* TaxInsightsView.swift */,
			);
			path = TaxInsights;
			sourceTree = "<group>";
		};
		F43517A99DB002A130C6CF5D /* Transactions */ = {
			isa = PBXGroup;
			children = (
				795E3963B778A0C65F29C7F9 /* TransactionsView.swift */,
			);
			path = Transactions;
			sourceTree = "<group>";
		};
		F4508BEF1BCF85144D9EC8D1 /* Documents */ = {
			isa = PBXGroup;
			children = (
				2DDC49DCA3E7F5F52387E6F9 /* DocumentsView.swift */,
			);
			path = Documents;
			sourceTree = "<group>";
		};
/* End PBXGroup section */

/* Begin PBXNativeTarget section */
		4071CC2356F2584E61974887 /* HomeBudgeter */ = {
			isa = PBXNativeTarget;
			buildConfigurationList = 6F30AC51B3D0383362F6FAA6 /* Build configuration list for PBXNativeTarget "HomeBudgeter" */;
			buildPhases = (
				D29E2548A4CD97398A74700D /* Sources */,
				68EAA1E23594181C5D61AFA4 /* Resources */,
			);
			buildRules = (
			);
			dependencies = (
			);
			name = HomeBudgeter;
			packageProductDependencies = (
			);
			productName = HomeBudgeter;
			productReference = D8F3D3458DBB9ECB5E941220 /* HomeBudgeter.app */;
			productType = "com.apple.product-type.application";
		};
		4B1EA081A5FC64D932D10C45 /* HomeBudgeterTests */ = {
			isa = PBXNativeTarget;
			buildConfigurationList = 956532E62F3DEF4345624A71 /* Build configuration list for PBXNativeTarget "HomeBudgeterTests" */;
			buildPhases = (
				8EAB4E7B885B99D283829691 /* Sources */,
			);
			buildRules = (
			);
			dependencies = (
				77F1F6875A072668BD12A88C /* PBXTargetDependency */,
			);
			name = HomeBudgeterTests;
			packageProductDependencies = (
			);
			productName = HomeBudgeterTests;
			productReference = 440BBD10950666C005589DB3 /* HomeBudgeterTests.xctest */;
			productType = "com.apple.product-type.bundle.unit-test";
		};
/* End PBXNativeTarget section */

/* Begin PBXProject section */
		3D59E720D51C8C4A8F6C9787 /* Project object */ = {
			isa = PBXProject;
			attributes = {
				BuildIndependentTargetsInParallel = YES;
				LastUpgradeCheck = 1500;
				TargetAttributes = {
					4071CC2356F2584E61974887 = {
						DevelopmentTeam = "";
						ProvisioningStyle = Manual;
					};
					4B1EA081A5FC64D932D10C45 = {
						DevelopmentTeam = "";
						ProvisioningStyle = Manual;
					};
				};
			};
			buildConfigurationList = 292DD679F698143C286EDFB1 /* Build configuration list for PBXProject "HomeBudgeter" */;
			compatibilityVersion = "Xcode 14.0";
			developmentRegion = en;
			hasScannedForEncodings = 0;
			knownRegions = (
				Base,
				en,
			);
			mainGroup = 2E07433BF82F472C33B12848;
			minimizedProjectReferenceProxies = 1;
			preferredProjectObjectVersion = 77;
			projectDirPath = "";
			projectRoot = "";
			targets = (
				4071CC2356F2584E61974887 /* HomeBudgeter */,
				4B1EA081A5FC64D932D10C45 /* HomeBudgeterTests */,
			);
		};
/* End PBXProject section */

/* Begin PBXResourcesBuildPhase section */
		68EAA1E23594181C5D61AFA4 /* Resources */ = {
			isa = PBXResourcesBuildPhase;
			buildActionMask = 2147483647;
			files = (
				43C5C7F42BB051A1FD7C66B7 /* Assets.xcassets in Resources */,
			);
			runOnlyForDeploymentPostprocessing = 0;
		};
/* End PBXResourcesBuildPhase section */

/* Begin PBXSourcesBuildPhase section */
		8EAB4E7B885B99D283829691 /* Sources */ = {
			isa = PBXSourcesBuildPhase;
			buildActionMask = 2147483647;
			files = (
				0497821C538367050B5AFCC4 /* AccountTests.swift in Sources */,
				BD484BB5B2162C77CCD5C20A /* AppLocaleTests.swift in Sources */,
				811B009B7C37D7F369FD8839 /* BillMigrationTests.swift in Sources */,
				E7F2B04B6956878CA7E49010 /* BillParsingTests.swift in Sources */,
				48F47AD516E6C77AE2CEB160 /* BillsViewModelTests.swift in Sources */,
				9FF796F716868B2A8BEC7F40 /* BudgetCategoryTests.swift in Sources */,
				81AAD27892C993A4EFA303E0 /* BudgetViewModelTests.swift in Sources */,
				6E53E28E2F2AABB02480BA8E /* CurrencyFormatterTests.swift in Sources */,
				55C759C678DE6BBBAA637F3E /* DashboardViewModelTests.swift in Sources */,
				3BEB68009A4BCE2703577B90 /* DataFlowTests.swift in Sources */,
				86320876E5117A4B022DFA64 /* DocumentTests.swift in Sources */,
				E4D36D80CFDD970916ACCC82 /* DocumentsViewModelTests.swift in Sources */,
				1A042549DC86E1A9CC256B0B /* EncryptionServiceTests.swift in Sources */,
				6C8ACEBB90EFA3E69764D1B7 /* PayslipParsingServiceTests.swift in Sources */,
				0BF2F489065D757A359FB392 /* PayslipTests.swift in Sources */,
				7762AE8A62A3C996014EC383 /* PayslipViewModelTests.swift in Sources */,
				A0B04971BE847F9990499147 /* PensionDataTests.swift in Sources */,
				5BD0E9BED9B7A61B3B0E3591 /* PensionViewModelTests.swift in Sources */,
				4EB9638F66892FEE348ACFBB /* PersistenceTests.swift in Sources */,
				12ADD3500094F8F6CFFD94A1 /* RecurringBillDetectorTests.swift in Sources */,
				DED753999283966331EA1E73 /* RecurringTemplateTests.swift in Sources */,
				768B9B5AD6F999C3F4FEBE6F /* RecurringTransactionServiceTests.swift in Sources */,
				EA2A7848974C424875C576F1 /* RecurringViewModelDetectionTests.swift in Sources */,
				F992C50158715ECDE6F3071C /* RecurringViewModelTests.swift in Sources */,
				A2FC6C88EA017283644D0ABE /* ReportsViewModelTests.swift in Sources */,
				EB468E6414BC71C3138B24C2 /* SavingsGoalTests.swift in Sources */,
				72423567FDED29190ADA9BF3 /* SavingsGoalViewModelTests.swift in Sources */,
				35374E490A3C6BCBEDFDE61E /* SettingsViewModelTests.swift in Sources */,
				2E2484357A1B814CDBB6B84F /* TransactionTests.swift in Sources */,
				62DEE8F968F5BAEB8860A050 /* TransactionsViewModelTests.swift in Sources */,
			);
			runOnlyForDeploymentPostprocessing = 0;
		};
		D29E2548A4CD97398A74700D /* Sources */ = {
			isa = PBXSourcesBuildPhase;
			buildActionMask = 2147483647;
			files = (
				D4D341954C732A51667A9B9E /* Account.swift in Sources */,
				494644FB9E4212FD4F7D4699 /* AppLocale.swift in Sources */,
				A964AB0862C52F1A1F36A862 /* BillLineItem.swift in Sources */,
				C8ED2B92CD9A4D08E721671E /* BillMigrationService.swift in Sources */,
				52E30AF0568F28A196075E3D /* BillsView.swift in Sources */,
				8308E8B9E5AACF38E8937AE9 /* BillsViewModel.swift in Sources */,
				05525881104FAB3044AE522F /* BudgetCategory.swift in Sources */,
				8AD709E528A863D7F052E499 /* BudgetCategoryCard.swift in Sources */,
				6AD7173C8ADDD6F22F4F70BB /* BudgetForecastService.swift in Sources */,
				E434643F62BA25C3C35157AE /* BudgetView.swift in Sources */,
				D6CA53DF5B6E754787B3F20A /* BudgetViewModel.swift in Sources */,
				B169014AC1E61616E6CFF4A2 /* Color+Theme.swift in Sources */,
				99BE9CD0FAA7B3C5873E80F4 /* ContentView.swift in Sources */,
				7D3CC7CA5E93E87E8E34BE3C /* CurrencyFormatter.swift in Sources */,
				05C9F9F22356A4B794BDB296 /* CurrencyTextField.swift in Sources */,
				3A5D7B0327B1C3D5F2A27F08 /* DashboardView.swift in Sources */,
				22C03C545B130D34E39F4447 /* DashboardViewModel.swift in Sources */,
				BCAB401606BEBE93B6A0CFD7 /* DataService.swift in Sources */,
				C9369C49B8FE75F805EB94A3 /* Document.swift in Sources */,
				C189667223AD1927E778C597 /* DocumentsView.swift in Sources */,
				01DF8C5973C35FAE7BBE0A9F /* DocumentsViewModel.swift in Sources */,
				1C6F3A4597970574B6190630 /* ExportService.swift in Sources */,
				6BC77D3B73317159D7C168C5 /* Extensions.swift in Sources */,
				421D1F41837800755DFD9F2E /* FileEncryptionService.swift in Sources */,
				94D9F25E51AEB53D6636D3C4 /* ForecastView.swift in Sources */,
				062FDF81220F5F773183DD14 /* ForecastViewModel.swift in Sources */,
				C398D7C3142CA1372C042903 /* HomeBudgeterApp.swift in Sources */,
				A016C3EC757F461370135207 /* KeychainManager.swift in Sources */,
				CF325DD2660714263051FDDB /* LocaleManager.swift in Sources */,
				AE9740FE98079A1400D3EE93 /* NotificationService.swift in Sources */,
				6828235BA0BF6EF7754A5EDB /* Payslip.swift in Sources */,
				4D992525416FECA9531B97BF /* PayslipParsingService.swift in Sources */,
				DC28AB79C9631C286C1A0DC1 /* PayslipView.swift in Sources */,
				C3C93C808566DBEF474ED9A2 /* PayslipViewModel.swift in Sources */,
				48ED495C6B9055592331A526 /* PensionData.swift in Sources */,
				674DA329671FD780381F0191 /* PensionView.swift in Sources */,
				257AEDF5244B2423F2A968C7 /* PensionViewModel.swift in Sources */,
				ECB138A7DD5BF8D8519D4510 /* PersistenceController.swift in Sources */,
				5E292DFEE32987EDE46A1F6A /* ProgressBar.swift in Sources */,
				86DC98F97C09292A266742E9 /* QuickActionButton.swift in Sources */,
				A2FF0B192AB4553859081D35 /* RecurringBillDetector.swift in Sources */,
				B076AC8DA1D9F0291AB04142 /* RecurringSuggestionSheet.swift in Sources */,
				EB7D7E0A616B6B34008E01C6 /* RecurringTemplate.swift in Sources */,
				A60BBC91E2F0BF56253A3960 /* RecurringTransactionService.swift in Sources */,
				8F20AB64903695357635DE23 /* RecurringTransactionsView.swift in Sources */,
				BB1A8830023396C64D6D3647 /* RecurringViewModel.swift in Sources */,
				F2C7CD94323C4C3EEE7C993B /* ReportsView.swift in Sources */,
				13030AC74BDB0CF0322C66BE /* ReportsViewModel.swift in Sources */,
				CFF198DA0991DE1F4D643234 /* SavingsGoal.swift in Sources */,
				C3E1065E33CF7FE0C36A1CD5 /* SavingsGoalView.swift in Sources */,
				3039B0E3BBA09723FFCD0C39 /* SavingsGoalViewModel.swift in Sources */,
				5C523CCC39B24E63EDC43BE4 /* SettingsView.swift in Sources */,
				62D85C8B03AC819E6432414E /* SettingsViewModel.swift in Sources */,
				EC4FDC31D855C9E51B46BF04 /* StatCard.swift in Sources */,
				B7DF28DFFBE1E66EB61D5B57 /* TaxInsightsView.swift in Sources */,
				0CABCF47B0F542E7ACDB97B5 /* TaxInsightsViewModel.swift in Sources */,
				76FA5638435A48AA7A1FBBEC /* TaxIntelligenceService.swift in Sources */,
				51A418B024FE5D7132F72A46 /* TaxYearSummaryService.swift in Sources */,
				8B153D8DF7B032BCDD75990B /* Transaction.swift in Sources */,
				2764F61619EBC3AF164D143C /* TransactionRow.swift in Sources */,
				551BF1B9CD64AE64321DB7B9 /* TransactionsView.swift in Sources */,
				D8AF9F554DD074DFF34F7DC8 /* TransactionsViewModel.swift in Sources */,
			);
			runOnlyForDeploymentPostprocessing = 0;
		};
/* End PBXSourcesBuildPhase section */

/* Begin PBXTargetDependency section */
		77F1F6875A072668BD12A88C /* PBXTargetDependency */ = {
			isa = PBXTargetDependency;
			target = 4071CC2356F2584E61974887 /* HomeBudgeter */;
			targetProxy = 577450C521A851E28AAFBEAD /* PBXContainerItemProxy */;
		};
/* End PBXTargetDependency section */

/* Begin XCBuildConfiguration section */
		33859E6C16F4C15207E44358 /* Release */ = {
			isa = XCBuildConfiguration;
			buildSettings = {
				ALWAYS_SEARCH_USER_PATHS = NO;
				CLANG_ANALYZER_NONNULL = YES;
				CLANG_ANALYZER_NUMBER_OBJECT_CONVERSION = YES_AGGRESSIVE;
				CLANG_CXX_LANGUAGE_STANDARD = "gnu++14";
				CLANG_CXX_LIBRARY = "libc++";
				CLANG_ENABLE_MODULES = YES;
				CLANG_ENABLE_OBJC_ARC = YES;
				CLANG_ENABLE_OBJC_WEAK = YES;
				CLANG_WARN_BLOCK_CAPTURE_AUTORELEASING = YES;
				CLANG_WARN_BOOL_CONVERSION = YES;
				CLANG_WARN_COMMA = YES;
				CLANG_WARN_CONSTANT_CONVERSION = YES;
				CLANG_WARN_DEPRECATED_OBJC_IMPLEMENTATIONS = YES;
				CLANG_WARN_DIRECT_OBJC_ISA_USAGE = YES_ERROR;
				CLANG_WARN_DOCUMENTATION_COMMENTS = YES;
				CLANG_WARN_EMPTY_BODY = YES;
				CLANG_WARN_ENUM_CONVERSION = YES;
				CLANG_WARN_INFINITE_RECURSION = YES;
				CLANG_WARN_INT_CONVERSION = YES;
				CLANG_WARN_NON_LITERAL_NULL_CONVERSION = YES;
				CLANG_WARN_OBJC_IMPLICIT_RETAIN_SELF = YES;
				CLANG_WARN_OBJC_LITERAL_CONVERSION = YES;
				CLANG_WARN_OBJC_ROOT_CLASS = YES_ERROR;
				CLANG_WARN_QUOTED_INCLUDE_IN_FRAMEWORK_HEADER = YES;
				CLANG_WARN_RANGE_LOOP_ANALYSIS = YES;
				CLANG_WARN_STRICT_PROTOTYPES = YES;
				CLANG_WARN_SUSPICIOUS_MOVE = YES;
				CLANG_WARN_UNGUARDED_AVAILABILITY = YES_AGGRESSIVE;
				CLANG_WARN_UNREACHABLE_CODE = YES;
				CLANG_WARN__DUPLICATE_METHOD_MATCH = YES;
				CODE_SIGN_IDENTITY = "-";
				CODE_SIGN_STYLE = Manual;
				COPY_PHASE_STRIP = NO;
				DEBUG_INFORMATION_FORMAT = "dwarf-with-dsym";
				DEVELOPMENT_TEAM = "";
				ENABLE_NS_ASSERTIONS = NO;
				ENABLE_STRICT_OBJC_MSGSEND = YES;
				GCC_C_LANGUAGE_STANDARD = gnu11;
				GCC_NO_COMMON_BLOCKS = YES;
				GCC_WARN_64_TO_32_BIT_CONVERSION = YES;
				GCC_WARN_ABOUT_RETURN_TYPE = YES_ERROR;
				GCC_WARN_UNDECLARED_SELECTOR = YES;
				GCC_WARN_UNINITIALIZED_AUTOS = YES_AGGRESSIVE;
				GCC_WARN_UNUSED_FUNCTION = YES;
				GCC_WARN_UNUSED_VARIABLE = YES;
				MACOSX_DEPLOYMENT_TARGET = 14.0;
				MTL_ENABLE_DEBUG_INFO = NO;
				MTL_FAST_MATH = YES;
				PRODUCT_NAME = "$(TARGET_NAME)";
				SDKROOT = macosx;
				SWIFT_COMPILATION_MODE = wholemodule;
				SWIFT_OPTIMIZATION_LEVEL = "-O";
				SWIFT_VERSION = 5.9;
			};
			name = Release;
		};
		79E740D8FF674F3B97E25B22 /* Release */ = {
			isa = XCBuildConfiguration;
			buildSettings = {
				BUNDLE_LOADER = "$(TEST_HOST)";
				COMBINE_HIDPI_IMAGES = YES;
				GENERATE_INFOPLIST_FILE = YES;
				LD_RUNPATH_SEARCH_PATHS = (
					"$(inherited)",
					"@executable_path/../Frameworks",
					"@loader_path/../Frameworks",
				);
				MACOSX_DEPLOYMENT_TARGET = 14.0;
				PRODUCT_BUNDLE_IDENTIFIER = com.homebudgeter.tests;
				PRODUCT_NAME = HomeBudgeterTests;
				SDKROOT = macosx;
				SWIFT_VERSION = 5.9;
				TEST_HOST = "$(BUILT_PRODUCTS_DIR)/Home Budgeter.app/Contents/MacOS/Home Budgeter";
			};
			name = Release;
		};
		92ED2D43DEA6AACA58BA7203 /* Debug */ = {
			isa = XCBuildConfiguration;
			buildSettings = {
				ALWAYS_SEARCH_USER_PATHS = NO;
				CLANG_ANALYZER_NONNULL = YES;
				CLANG_ANALYZER_NUMBER_OBJECT_CONVERSION = YES_AGGRESSIVE;
				CLANG_CXX_LANGUAGE_STANDARD = "gnu++14";
				CLANG_CXX_LIBRARY = "libc++";
				CLANG_ENABLE_MODULES = YES;
				CLANG_ENABLE_OBJC_ARC = YES;
				CLANG_ENABLE_OBJC_WEAK = YES;
				CLANG_WARN_BLOCK_CAPTURE_AUTORELEASING = YES;
				CLANG_WARN_BOOL_CONVERSION = YES;
				CLANG_WARN_COMMA = YES;
				CLANG_WARN_CONSTANT_CONVERSION = YES;
				CLANG_WARN_DEPRECATED_OBJC_IMPLEMENTATIONS = YES;
				CLANG_WARN_DIRECT_OBJC_ISA_USAGE = YES_ERROR;
				CLANG_WARN_DOCUMENTATION_COMMENTS = YES;
				CLANG_WARN_EMPTY_BODY = YES;
				CLANG_WARN_ENUM_CONVERSION = YES;
				CLANG_WARN_INFINITE_RECURSION = YES;
				CLANG_WARN_INT_CONVERSION = YES;
				CLANG_WARN_NON_LITERAL_NULL_CONVERSION = YES;
				CLANG_WARN_OBJC_IMPLICIT_RETAIN_SELF = YES;
				CLANG_WARN_OBJC_LITERAL_CONVERSION = YES;
				CLANG_WARN_OBJC_ROOT_CLASS = YES_ERROR;
				CLANG_WARN_QUOTED_INCLUDE_IN_FRAMEWORK_HEADER = YES;
				CLANG_WARN_RANGE_LOOP_ANALYSIS = YES;
				CLANG_WARN_STRICT_PROTOTYPES = YES;
				CLANG_WARN_SUSPICIOUS_MOVE = YES;
				CLANG_WARN_UNGUARDED_AVAILABILITY = YES_AGGRESSIVE;
				CLANG_WARN_UNREACHABLE_CODE = YES;
				CLANG_WARN__DUPLICATE_METHOD_MATCH = YES;
				CODE_SIGN_IDENTITY = "-";
				CODE_SIGN_STYLE = Manual;
				COPY_PHASE_STRIP = NO;
				DEBUG_INFORMATION_FORMAT = dwarf;
				DEVELOPMENT_TEAM = "";
				ENABLE_STRICT_OBJC_MSGSEND = YES;
				ENABLE_TESTABILITY = YES;
				GCC_C_LANGUAGE_STANDARD = gnu11;
				GCC_DYNAMIC_NO_PIC = NO;
				GCC_NO_COMMON_BLOCKS = YES;
				GCC_OPTIMIZATION_LEVEL = 0;
				GCC_PREPROCESSOR_DEFINITIONS = (
					"$(inherited)",
					"DEBUG=1",
				);
				GCC_WARN_64_TO_32_BIT_CONVERSION = YES;
				GCC_WARN_ABOUT_RETURN_TYPE = YES_ERROR;
				GCC_WARN_UNDECLARED_SELECTOR = YES;
				GCC_WARN_UNINITIALIZED_AUTOS = YES_AGGRESSIVE;
				GCC_WARN_UNUSED_FUNCTION = YES;
				GCC_WARN_UNUSED_VARIABLE = YES;
				MACOSX_DEPLOYMENT_TARGET = 14.0;
				MTL_ENABLE_DEBUG_INFO = INCLUDE_SOURCE;
				MTL_FAST_MATH = YES;
				ONLY_ACTIVE_ARCH = YES;
				PRODUCT_NAME = "$(TARGET_NAME)";
				SDKROOT = macosx;
				SWIFT_ACTIVE_COMPILATION_CONDITIONS = DEBUG;
				SWIFT_OPTIMIZATION_LEVEL = "-Onone";
				SWIFT_VERSION = 5.9;
			};
			name = Debug;
		};
		D5F47E1BAF7072A3AE2FEA21 /* Release */ = {
			isa = XCBuildConfiguration;
			buildSettings = {
				ASSETCATALOG_COMPILER_APPICON_NAME = AppIcon;
				ASSETCATALOG_COMPILER_GLOBAL_ACCENT_COLOR_NAME = AccentColor;
				CODE_SIGN_ENTITLEMENTS = HomeBudgeter/Resources/HomeBudgeter.entitlements;
				COMBINE_HIDPI_IMAGES = YES;
				CURRENT_PROJECT_VERSION = 1;
				ENABLE_HARDENED_RUNTIME = YES;
				ENABLE_PREVIEWS = YES;
				GENERATE_INFOPLIST_FILE = YES;
				INFOPLIST_FILE = HomeBudgeter/Resources/Info.plist;
				INFOPLIST_KEY_CFBundleDisplayName = "Home Budgeter";
				INFOPLIST_KEY_LSApplicationCategoryType = "public.app-category.finance";
				INFOPLIST_KEY_NSHumanReadableCopyright = "Copyright 2024 Home Budgeter Team";
				LD_RUNPATH_SEARCH_PATHS = (
					"$(inherited)",
					"@executable_path/../Frameworks",
				);
				MACOSX_DEPLOYMENT_TARGET = 14.0;
				MARKETING_VERSION = 1.0.0;
				PRODUCT_BUNDLE_IDENTIFIER = com.homebudgeter.app;
				PRODUCT_NAME = "Home Budgeter";
				SDKROOT = macosx;
				SWIFT_EMIT_LOC_STRINGS = YES;
			};
			name = Release;
		};
		F31F117BDEDA414D411A598A /* Debug */ = {
			isa = XCBuildConfiguration;
			buildSettings = {
				BUNDLE_LOADER = "$(TEST_HOST)";
				COMBINE_HIDPI_IMAGES = YES;
				GENERATE_INFOPLIST_FILE = YES;
				LD_RUNPATH_SEARCH_PATHS = (
					"$(inherited)",
					"@executable_path/../Frameworks",
					"@loader_path/../Frameworks",
				);
				MACOSX_DEPLOYMENT_TARGET = 14.0;
				PRODUCT_BUNDLE_IDENTIFIER = com.homebudgeter.tests;
				PRODUCT_NAME = HomeBudgeterTests;
				SDKROOT = macosx;
				SWIFT_VERSION = 5.9;
				TEST_HOST = "$(BUILT_PRODUCTS_DIR)/Home Budgeter.app/Contents/MacOS/Home Budgeter";
			};
			name = Debug;
		};
		F362717725CD76D2D74A324A /* Debug */ = {
			isa = XCBuildConfiguration;
			buildSettings = {
				ASSETCATALOG_COMPILER_APPICON_NAME = AppIcon;
				ASSETCATALOG_COMPILER_GLOBAL_ACCENT_COLOR_NAME = AccentColor;
				CODE_SIGN_ENTITLEMENTS = HomeBudgeter/Resources/HomeBudgeter.entitlements;
				COMBINE_HIDPI_IMAGES = YES;
				CURRENT_PROJECT_VERSION = 1;
				ENABLE_HARDENED_RUNTIME = YES;
				ENABLE_PREVIEWS = YES;
				GENERATE_INFOPLIST_FILE = YES;
				INFOPLIST_FILE = HomeBudgeter/Resources/Info.plist;
				INFOPLIST_KEY_CFBundleDisplayName = "Home Budgeter";
				INFOPLIST_KEY_LSApplicationCategoryType = "public.app-category.finance";
				INFOPLIST_KEY_NSHumanReadableCopyright = "Copyright 2024 Home Budgeter Team";
				LD_RUNPATH_SEARCH_PATHS = (
					"$(inherited)",
					"@executable_path/../Frameworks",
				);
				MACOSX_DEPLOYMENT_TARGET = 14.0;
				MARKETING_VERSION = 1.0.0;
				PRODUCT_BUNDLE_IDENTIFIER = com.homebudgeter.app;
				PRODUCT_NAME = "Home Budgeter";
				SDKROOT = macosx;
				SWIFT_EMIT_LOC_STRINGS = YES;
			};
			name = Debug;
		};
/* End XCBuildConfiguration section */

/* Begin XCConfigurationList section */
		292DD679F698143C286EDFB1 /* Build configuration list for PBXProject "HomeBudgeter" */ = {
			isa = XCConfigurationList;
			buildConfigurations = (
				92ED2D43DEA6AACA58BA7203 /* Debug */,
				33859E6C16F4C15207E44358 /* Release */,
			);
			defaultConfigurationIsVisible = 0;
			defaultConfigurationName = Debug;
		};
		6F30AC51B3D0383362F6FAA6 /* Build configuration list for PBXNativeTarget "HomeBudgeter" */ = {
			isa = XCConfigurationList;
			buildConfigurations = (
				F362717725CD76D2D74A324A /* Debug */,
				D5F47E1BAF7072A3AE2FEA21 /* Release */,
			);
			defaultConfigurationIsVisible = 0;
			defaultConfigurationName = Debug;
		};
		956532E62F3DEF4345624A71 /* Build configuration list for PBXNativeTarget "HomeBudgeterTests" */ = {
			isa = XCConfigurationList;
			buildConfigurations = (
				F31F117BDEDA414D411A598A /* Debug */,
				79E740D8FF674F3B97E25B22 /* Release */,
			);
			defaultConfigurationIsVisible = 0;
			defaultConfigurationName = Debug;
		};
/* End XCConfigurationList section */
	};
	rootObject = 3D59E720D51C8C4A8F6C9787 /* Project object */;
}
